
Microsoft Visual Studio Solution File, Format Version 12.00
# Visual Studio Version 17
VisualStudioVersion = 17.8.34322.80
MinimumVisualStudioVersion = 10.0.40219.1
Project("{FAE04EC0-301F-11D3-BF4B-00C04F79EFBC}") = "Week3IfAndSwitch", "Week3IfAndSwitch\Week3IfAndSwitch.csproj", "{DC4E634F-2906-4C93-B897-DCFB561BE7D3}"
EndProject
Project("{FAE04EC0-301F-11D3-BF4B-00C04F79EFBC}") = "OddOrEven", "OddOrEven\OddOrEven.csproj", "{747A70A7-6187-45F2-A6FA-3E27590D02FF}"
EndProject
Project("{FAE04EC0-301F-11D3-BF4B-00C04F79EFBC}") = "IfDayOfTheWeek", "IfDayOfTheWeek\IfDayOfTheWeek.csproj", "{AD46AFC6-A44F-4BA3-9E54-B0A8F13AE13B}"
EndProject
Project("{FAE04EC0-301F-11D3-BF4B-00C04F79EFBC}") = "SwitchDayofTheWeek", "SwitchDayofTheWeek\SwitchDayofTheWeek.csproj", "{29F4A20B-B5F1-44DB-BEEE-10026C7954BC}"
EndProject
Global
	GlobalSection(SolutionConfigurationPlatforms) = preSolution
		Debug|Any CPU = Debug|Any CPU
		Release|Any CPU = Release|Any CPU
	EndGlobalSection
	GlobalSection(ProjectConfigurationPlatforms) = postSolution
		{DC4E634F-2906-4C93-B897-DCFB561BE7D3}.Debug|Any CPU.ActiveCfg = Debug|Any CPU
		{DC4E634F-2906-4C93-B897-DCFB561BE7D3}.Debug|Any CPU.Build.0 = Debug|Any CPU
		{DC4E634F-2906-4C93-B897-DCFB561BE7D3}.Release|Any CPU.ActiveCfg = Release|Any CPU
		{DC4E634F-2906-4C93-B897-DCFB561BE7D3}.Release|Any CPU.Build.0 = Release|Any CPU
		{747A70A7-6187-45F2-A6FA-3E27590D02FF}.Debug|Any CPU.ActiveCfg = Debug|Any CPU
		{747A70A7-6187-45F2-A6FA-3E27590D02FF}.Debug|Any CPU.Build.0 = Debug|Any CPU
		{747A70A7-6187-45F2-A6FA-3E27590D02FF}.Release|Any CPU.ActiveCfg = Release|Any CPU
		{747A70A7-6187-45F2-A6FA-3E27590D02FF}.Release|Any CPU.Build.0 = Release|Any CPU
		{AD46AFC6-A44F-4BA3-9E54-B0A8F13AE13B}.Debug|Any CPU.ActiveCfg = Debug|Any CPU
		{AD46AFC6-A44F-4BA3-9E54-B0A8F13AE13B}.Debug|Any CPU.Build.0 = Debug|Any CPU
		{AD46AFC6-A44F-4BA3-9E54-B0A8F13AE13B}.Release|Any CPU.ActiveCfg = Release|Any CPU
		{AD46AFC6-A44F-4BA3-9E54-B0A8F13AE13B}.Release|Any CPU.Build.0 = Release|Any CPU
		{29F4A20B-B5F1-44DB-BEEE-10026C7954BC}.Debug|Any CPU.ActiveCfg = Debug|Any CPU
		{29F4A20B-B5F1-44DB-BEEE-10026C7954BC}.Debug|Any CPU.Build.0 = Debug|Any CPU
		{29F4A20B-B5F1-44DB-BEEE-10026C7954BC}.Release|Any CPU.ActiveCfg = Release|Any CPU
		{29F4A20B-B5F1-44DB-BEEE-10026C7954BC}.Release|Any CPU.Build.0 = Release|Any CPU
	EndGlobalSection
	GlobalSection(SolutionProperties) = preSolution
		HideSolutionNode = FALSE
	EndGlobalSection
	GlobalSection(ExtensibilityGlobals) = postSolution
		SolutionGuid = {5E7E4D69-0A1D-41EC-B142-57947F96BCC1}
	EndGlobalSection
EndGlobal
